
Microsoft Visual Studio Solution File, Format Version 12.00
# Visual Studio Version 17
VisualStudioVersion = 17.0.32014.148
MinimumVisualStudioVersion = 10.0.40219.1
Project("{9A19103F-16F7-4668-BE54-9A1E7A4F7556}") = "CognitoUserManager.WebApp", "CognitoUserManager.WebApp\CognitoUserManager.WebApp.csproj", "{37E245D7-74D2-48C3-BC03-51B4A4477786}"
EndProject
Project("{9A19103F-16F7-4668-BE54-9A1E7A4F7556}") = "CognitoUserManager.Core", "CognitoUserManager.Core\CognitoUserManager.Core.csproj", "{B7114979-7356-4371-8BE2-64941D4404C1}"
EndProject
Project("{9A19103F-16F7-4668-BE54-9A1E7A4F7556}") = "CognitoUserManager.Contracts", "CognitoUserManager.Contracts\CognitoUserManager.Contracts.csproj", "{A24AD2C2-9589-4955-ACEF-721DF090F6FB}"
EndProject
Project("{2150E333-8FDC-42A3-9474-1A3956D46DE8}") = "solution items", "solution items", "{05B6CAC0-4D27-43A6-8D8A-F8C64CA4B445}"
	ProjectSection(SolutionItems) = preProject
		.gitignore = .gitignore
		global.json = global.json
		LICENSE = LICENSE
		README.md = README.md
	EndProjectSection
EndProject
Global
	GlobalSection(SolutionConfigurationPlatforms) = preSolution
		Debug|Any CPU = Debug|Any CPU
		Release|Any CPU = Release|Any CPU
	EndGlobalSection
	GlobalSection(ProjectConfigurationPlatforms) = postSolution
		{37E245D7-74D2-48C3-BC03-51B4A4477786}.Debug|Any CPU.ActiveCfg = Debug|Any CPU
		{37E245D7-74D2-48C3-BC03-51B4A4477786}.Debug|Any CPU.Build.0 = Debug|Any CPU
		{37E245D7-74D2-48C3-BC03-51B4A4477786}.Release|Any CPU.ActiveCfg = Release|Any CPU
		{37E245D7-74D2-48C3-BC03-51B4A4477786}.Release|Any CPU.Build.0 = Release|Any CPU
		{B7114979-7356-4371-8BE2-64941D4404C1}.Debug|Any CPU.ActiveCfg = Debug|Any CPU
		{B7114979-7356-4371-8BE2-64941D4404C1}.Debug|Any CPU.Build.0 = Debug|Any CPU
		{B7114979-7356-4371-8BE2-64941D4404C1}.Release|Any CPU.ActiveCfg = Release|Any CPU
		{B7114979-7356-4371-8BE2-64941D4404C1}.Release|Any CPU.Build.0 = Release|Any CPU
		{A24AD2C2-9589-4955-ACEF-721DF090F6FB}.Debug|Any CPU.ActiveCfg = Debug|Any CPU
		{A24AD2C2-9589-4955-ACEF-721DF090F6FB}.Debug|Any CPU.Build.0 = Debug|Any CPU
		{A24AD2C2-9589-4955-ACEF-721DF090F6FB}.Release|Any CPU.ActiveCfg = Release|Any CPU
		{A24AD2C2-9589-4955-ACEF-721DF090F6FB}.Release|Any CPU.Build.0 = Release|Any CPU
	EndGlobalSection
	GlobalSection(SolutionProperties) = preSolution
		HideSolutionNode = FALSE
	EndGlobalSection
	GlobalSection(ExtensibilityGlobals) = postSolution
		SolutionGuid = {118197E0-9C5E-420E-8640-A0AE11F5ACEE}
	EndGlobalSection
EndGlobal
